
Microsoft Visual Studio Solution File, Format Version 12.00
# Visual Studio 14
VisualStudioVersion = 14.0.25420.1
MinimumVisualStudioVersion = 10.0.40219.1
Project("{159641D6-6404-4A2A-AE62-294DE0FE8301}") = "WWIDW_BIML", "WWIDW_BIML\WWIDW_BIML.dtproj", "{538B5B06-6069-4CC1-BF58-B3B4EE830C79}"
EndProject
Project("{159641D6-6404-4A2A-AE62-294DE0FE8301}") = "WWIDW", "WWIDW\WWIDW.dtproj", "{86F7A0DF-5042-45C7-A152-8F99EA0C11AA}"
EndProject
Global
	GlobalSection(SolutionConfigurationPlatforms) = preSolution
		Development|Default = Development|Default
	EndGlobalSection
	GlobalSection(ProjectConfigurationPlatforms) = postSolution
		{538B5B06-6069-4CC1-BF58-B3B4EE830C79}.Development|Default.ActiveCfg = Development
		{538B5B06-6069-4CC1-BF58-B3B4EE830C79}.Development|Default.Build.0 = Development
		{86F7A0DF-5042-45C7-A152-8F99EA0C11AA}.Development|Default.ActiveCfg = Development
		{86F7A0DF-5042-45C7-A152-8F99EA0C11AA}.Development|Default.Build.0 = Development
	EndGlobalSection
	GlobalSection(SolutionProperties) = preSolution
		HideSolutionNode = FALSE
	EndGlobalSection
EndGlobal
